
Microsoft Visual Studio Solution File, Format Version 12.00
# Visual Studio Version 17
VisualStudioVersion = 17.7.34031.279
MinimumVisualStudioVersion = 10.0.40219.1
Project("{8BC9CEB8-8B4A-11D0-8D11-00A0C91BC942}") = "Chatlis-client", "Chatlis-client\Chatlis-client.vcxproj", "{73226D07-E654-4091-A43B-0490AB5E53EC}"
EndProject
Project("{8BC9CEB8-8B4A-11D0-8D11-00A0C91BC942}") = "Chatlis-server", "Chatlis-server\Chatlis-server.vcxproj", "{0E5179E4-D32A-4EC1-8931-828954915396}"
EndProject
Global
	GlobalSection(SolutionConfigurationPlatforms) = preSolution
		Debug|x64 = Debug|x64
		Release|x64 = Release|x64
	EndGlobalSection
	GlobalSection(ProjectConfigurationPlatforms) = postSolution
		{73226D07-E654-4091-A43B-0490AB5E53EC}.Debug|x64.ActiveCfg = Debug|x64
		{73226D07-E654-4091-A43B-0490AB5E53EC}.Debug|x64.Build.0 = Debug|x64
		{73226D07-E654-4091-A43B-0490AB5E53EC}.Release|x64.ActiveCfg = Release|x64
		{73226D07-E654-4091-A43B-0490AB5E53EC}.Release|x64.Build.0 = Release|x64
		{0E5179E4-D32A-4EC1-8931-828954915396}.Debug|x64.ActiveCfg = Debug|x64
		{0E5179E4-D32A-4EC1-8931-828954915396}.Debug|x64.Build.0 = Debug|x64
		{0E5179E4-D32A-4EC1-8931-828954915396}.Release|x64.ActiveCfg = Release|x64
		{0E5179E4-D32A-4EC1-8931-828954915396}.Release|x64.Build.0 = Release|x64
	EndGlobalSection
	GlobalSection(SolutionProperties) = preSolution
		HideSolutionNode = FALSE
	EndGlobalSection
	GlobalSection(ExtensibilityGlobals) = postSolution
		SolutionGuid = {7271FBB0-B41F-4B24-AC4A-10662380D3C3}
	EndGlobalSection
EndGlobal
